
Microsoft Visual Studio Solution File, Format Version 12.00
# Visual Studio 2012
Project("{FAE04EC0-301F-11D3-BF4B-00C04F79EFBC}") = "Harmony.Core", "Harmony.Core\Harmony.Core.csproj", "{234A342C-BDA9-46A0-87CD-B703F6090114}"
EndProject
Project("{2150E333-8FDC-42A3-9474-1A3956D46DE8}") = "Solution Items", "Solution Items", "{0448E388-4539-445A-A64C-0FBEB1B2C6EA}"
	ProjectSection(SolutionItems) = preProject
		LICENSE = LICENSE
		publish.bat = publish.bat
		README.md = README.md
	EndProjectSection
EndProject
Project("{FAE04EC0-301F-11D3-BF4B-00C04F79EFBC}") = "Harmony", "Harmony\Harmony.csproj", "{33058D89-4AB2-4B1B-B65D-539A96C69C70}"
EndProject
Global
	GlobalSection(SolutionConfigurationPlatforms) = preSolution
		Debug|Any CPU = Debug|Any CPU
		Release|Any CPU = Release|Any CPU
	EndGlobalSection
	GlobalSection(ProjectConfigurationPlatforms) = postSolution
		{234A342C-BDA9-46A0-87CD-B703F6090114}.Debug|Any CPU.ActiveCfg = Debug|Any CPU
		{234A342C-BDA9-46A0-87CD-B703F6090114}.Debug|Any CPU.Build.0 = Debug|Any CPU
		{234A342C-BDA9-46A0-87CD-B703F6090114}.Release|Any CPU.ActiveCfg = Release|Any CPU
		{234A342C-BDA9-46A0-87CD-B703F6090114}.Release|Any CPU.Build.0 = Release|Any CPU
		{33058D89-4AB2-4B1B-B65D-539A96C69C70}.Debug|Any CPU.ActiveCfg = Debug|Any CPU
		{33058D89-4AB2-4B1B-B65D-539A96C69C70}.Debug|Any CPU.Build.0 = Debug|Any CPU
		{33058D89-4AB2-4B1B-B65D-539A96C69C70}.Release|Any CPU.ActiveCfg = Release|Any CPU
		{33058D89-4AB2-4B1B-B65D-539A96C69C70}.Release|Any CPU.Build.0 = Release|Any CPU
	EndGlobalSection
	GlobalSection(SolutionProperties) = preSolution
		HideSolutionNode = FALSE
	EndGlobalSection
	GlobalSection(MonoDevelopProperties) = preSolution
		StartupItem = Harmony.Console\Harmony.Console.csproj
	EndGlobalSection
EndGlobal
